{
  "name": "rns_project01",
  "version": "1.0.0",
  "lockfileVersion": 1,
  "requires": true,
  "dependencies": {
    "@types/node": {
      "version": "8.0.30",
      "resolved": "https://registry.npmjs.org/@types/node/-/node-8.0.30.tgz",
      "integrity": "sha512-IaQtG3DWe9gRsmk1DqNnYyRVjGDVcBdZywkRVF2f62Boe8XKmlR7lNcwC6pk4V4W8nk+Zu+vdGMsOdRTDj1JPA=="
    },
    "node-nfcpy-id": {
      "version": "0.1.1",
      "resolved": "https://registry.npmjs.org/node-nfcpy-id/-/node-nfcpy-id-0.1.1.tgz",
      "integrity": "sha512-0gNIVxtGD34rT4QUVYeyD4Jo6SQkcN5sbrVyfCUdOVpiEFRaZgbK4vcAqaeQNcLFEVHLG/NDaW8oW3PU0rwnOQ==",
      "requires": {
        "@types/node": "8.0.30",
        "python-shell": "0.4.0"
      }
    },
    "python-shell": {
      "version": "0.4.0",
      "resolved": "https://registry.npmjs.org/python-shell/-/python-shell-0.4.0.tgz",
      "integrity": "sha1-JZxUcNiFKSsi6QalewhfZRdS+VY="
    }
  }
}
